// !$*UTF8*$!
{
	archiveVersion = 1;
	classes = {
	};
	objectVersion = 50;
	objects = {

/* Begin PBXBuildFile section */
		5D9DCEA72507D523001D270D /* AppDelegate.swift in Sources */ = {isa = PBXBuildFile; fileRef = 5D9DCEA62507D523001D270D /* AppDelegate.swift */; };
		5D9DCEA92507D523001D270D /* SceneDelegate.swift in Sources */ = {isa = PBXBuildFile; fileRef = 5D9DCEA82507D523001D270D /* SceneDelegate.swift */; };
		5D9DCEAB2507D523001D270D /* ContentView.swift in Sources */ = {isa = PBXBuildFile; fileRef = 5D9DCEAA2507D523001D270D /* ContentView.swift */; };
		5D9DCEAD2507D523001D270D /* Assets.xcassets in Resources */ = {isa = PBXBuildFile; fileRef = 5D9DCEAC2507D523001D270D /* Assets.xcassets */; };
		5D9DCEB02507D523001D270D /* Preview Assets.xcassets in Resources */ = {isa = PBXBuildFile; fileRef = 5D9DCEAF2507D523001D270D /* Preview Assets.xcassets */; };
		5D9DCEB32507D523001D270D /* LaunchScreen.storyboard in Resources */ = {isa = PBXBuildFile; fileRef = 5D9DCEB12507D523001D270D /* LaunchScreen.storyboard */; };
		5D9DCEBB2507D532001D270D /* TubeView.swift in Sources */ = {isa = PBXBuildFile; fileRef = 5D9DCEBA2507D532001D270D /* TubeView.swift */; };
/* End PBXBuildFile section */

/* Begin PBXFileReference section */
		5D9DCEA32507D523001D270D /* TestTube.app */ = {isa = PBXFileReference; explicitFileType = wrapper.application; includeInIndex = 0; path = TestTube.app; sourceTree = BUILT_PRODUCTS_DIR; };
		5D9DCEA62507D523001D270D /* AppDelegate.swift */ = {isa = PBXFileReference; lastKnownFileType = sourcecode.swift; path = AppDelegate.swift; sourceTree = "<group>"; };
		5D9DCEA82507D523001D270D /* SceneDelegate.swift */ = {isa = PBXFileReference; lastKnownFileType = sourcecode.swift; path = SceneDelegate.swift; sourceTree = "<group>"; };
		5D9DCEAA2507D523001D270D /* ContentView.swift */ = {isa = PBXFileReference; lastKnownFileType = sourcecode.swift; path = ContentView.swift; sourceTree = "<group>"; };
		5D9DCEAC2507D523001D270D /* Assets.xcassets */ = {isa = PBXFileReference; lastKnownFileType = folder.assetcatalog; path = Assets.xcassets; sourceTree = "<group>"; };
		5D9DCEAF2507D523001D270D /* Preview Assets.xcassets */ = {isa = PBXFileReference; lastKnownFileType = folder.assetcatalog; path = "Preview Assets.xcassets"; sourceTree = "<group>"; };
		5D9DCEB22507D523001D270D /* Base */ = {isa = PBXFileReference; lastKnownFileType = file.storyboard; name = Base; path = Base.lproj/LaunchScreen.storyboard; sourceTree = "<group>"; };
		5D9DCEB42507D523001D270D /* Info.plist */ = {isa = PBXFileReference; lastKnownFileType = text.plist.xml; path = Info.plist; sourceTree = "<group>"; };
		5D9DCEBA2507D532001D270D /* TubeView.swift */ = {isa = PBXFileReference; fileEncoding = 4; lastKnownFileType = sourcecode.swift; path = TubeView.swift; sourceTree = "<group>"; };
/* End PBXFileReference section */

/* Begin PBXFrameworksBuildPhase section */
		5D9DCEA02507D523001D270D /* Frameworks */ = {
			isa = PBXFrameworksBuildPhase;
			buildActionMask = 2147483647;
			files = (
			);
			runOnlyForDeploymentPostprocessing = 0;
		};
/* End PBXFrameworksBuildPhase section */

/* Begin PBXGroup section */
		5D9DCE9A2507D523001D270D = {
			isa = PBXGroup;
			children = (
				5D9DCEA52507D523001D270D /* TestTube */,
				5D9DCEA42507D523001D270D /* Products */,
			);
			sourceTree = "<group>";
		};
		5D9DCEA42507D523001D270D /* Products */ = {
			isa = PBXGroup;
			children = (
				5D9DCEA32507D523001D270D /* TestTube.app */,
			);
			name = Products;
			sourceTree = "<group>";
		};
		5D9DCEA52507D523001D270D /* TestTube */ = {
			isa = PBXGroup;
			children = (
				5D9DCEA62507D523001D270D /* AppDelegate.swift */,
				5D9DCEA82507D523001D270D /* SceneDelegate.swift */,
				5D9DCEAA2507D523001D270D /* ContentView.swift */,
				5D9DCEBA2507D532001D270D /* TubeView.swift */,
				5D9DCEAC2507D523001D270D /* Assets.xcassets */,
				5D9DCEB12507D523001D270D /* LaunchScreen.storyboard */,
				5D9DCEB42507D523001D270D /* Info.plist */,
				5D9DCEAE2507D523001D270D /* Preview Content */,
			);
			path = TestTube;
			sourceTree = "<group>";
		};
		5D9DCEAE2507D523001D270D /* Preview Content */ = {
			isa = PBXGroup;
			children = (
				5D9DCEAF2507D523001D270D /* Preview Assets.xcassets */,
			);
			path = "Preview Content";
			sourceTree = "<group>";
		};
/* End PBXGroup section */

/* Begin PBXNativeTarget section */
		5D9DCEA22507D523001D270D /* TestTube */ = {
			isa = PBXNativeTarget;
			buildConfigurationList = 5D9DCEB72507D523001D270D /* Build configuration list for PBXNativeTarget "TestTube" */;
			buildPhases = (
				5D9DCE9F2507D523001D270D /* Sources */,
				5D9DCEA02507D523001D270D /* Frameworks */,
				5D9DCEA12507D523001D270D /* Resources */,
			);
			buildRules = (
			);
			dependencies = (
			);
			name = TestTube;
			productName = TestTube;
			productReference = 5D9DCEA32507D523001D270D /* TestTube.app */;
			productType = "com.apple.product-type.application";
		};
/* End PBXNativeTarget section */

/* Begin PBXProject section */
		5D9DCE9B2507D523001D270D /* Project object */ = {
			isa = PBXProject;
			attributes = {
				LastSwiftUpdateCheck = 1130;
				LastUpgradeCheck = 1130;
				ORGANIZATIONNAME = KISHAN_RAJA;
				TargetAttributes = {
					5D9DCEA22507D523001D270D = {
						CreatedOnToolsVersion = 11.3;
					};
				};
			};
			buildConfigurationList = 5D9DCE9E2507D523001D270D /* Build configuration list for PBXProject "TestTube" */;
			compatibilityVersion = "Xcode 9.3";
			developmentRegion = en;
			hasScannedForEncodings = 0;
			knownRegions = (
				en,
				Base,
			);
			mainGroup = 5D9DCE9A2507D523001D270D;
			productRefGroup = 5D9DCEA42507D523001D270D /* Products */;
			projectDirPath = "";
			projectRoot = "";
			targets = (
				5D9DCEA22507D523001D270D /* TestTube */,
			);
		};
/* End PBXProject section */

/* Begin PBXResourcesBuildPhase section */
		5D9DCEA12507D523001D270D /* Resources */ = {
			isa = PBXResourcesBuildPhase;
			buildActionMask = 2147483647;
			files = (
				5D9DCEB32507D523001D270D /* LaunchScreen.storyboard in Resources */,
				5D9DCEB02507D523001D270D /* Preview Assets.xcassets in Resources */,
				5D9DCEAD2507D523001D270D /* Assets.xcassets in Resources */,
			);
			runOnlyForDeploymentPostprocessing = 0;
		};
/* End PBXResourcesBuildPhase section */

/* Begin PBXSourcesBuildPhase section */
		5D9DCE9F2507D523001D270D /* Sources */ = {
			isa = PBXSourcesBuildPhase;
			buildActionMask = 2147483647;
			files = (
				5D9DCEBB2507D532001D270D /* TubeView.swift in Sources */,
				5D9DCEA72507D523001D270D /* AppDelegate.swift in Sources */,
				5D9DCEA92507D523001D270D /* SceneDelegate.swift in Sources */,
				5D9DCEAB2507D523001D270D /* ContentView.swift in Sources */,
			);
			runOnlyForDeploymentPostprocessing = 0;
		};
/* End PBXSourcesBuildPhase section */

/* Begin PBXVariantGroup section */
		5D9DCEB12507D523001D270D /* LaunchScreen.storyboard */ = {
			isa = PBXVariantGroup;
			children = (
				5D9DCEB22507D523001D270D /* Base */,
			);
			name = LaunchScreen.storyboard;
			sourceTree = "<group>";
		};
/* End PBXVariantGroup section */

/* Begin XCBuildConfiguration section */
		5D9DCEB52507D523001D270D /* Debug */ = {
			isa = XCBuildConfiguration;
			buildSettings = {
				ALWAYS_SEARCH_USER_PATHS = NO;
				CLANG_ANALYZER_NONNULL = YES;
				CLANG_ANALYZER_NUMBER_OBJECT_CONVERSION = YES_AGGRESSIVE;
				CLANG_CXX_LANGUAGE_STANDARD = "gnu++14";
				CLANG_CXX_LIBRARY = "libc++";
				CLANG_ENABLE_MODULES = YES;
				CLANG_ENABLE_OBJC_ARC = YES;
				CLANG_ENABLE_OBJC_WEAK = YES;
				CLANG_WARN_BLOCK_CAPTURE_AUTORELEASING = YES;
				CLANG_WARN_BOOL_CONVERSION = YES;
				CLANG_WARN_COMMA = YES;
				CLANG_WARN_CONSTANT_CONVERSION = YES;
				CLANG_WARN_DEPRECATED_OBJC_IMPLEMENTATIONS = YES;
				CLANG_WARN_DIRECT_OBJC_ISA_USAGE = YES_ERROR;
				CLANG_WARN_DOCUMENTATION_COMMENTS = YES;
				CLANG_WARN_EMPTY_BODY = YES;
				CLANG_WARN_ENUM_CONVERSION = YES;
				CLANG_WARN_INFINITE_RECURSION = YES;
				CLANG_WARN_INT_CONVERSION = YES;
				CLANG_WARN_NON_LITERAL_NULL_CONVERSION = YES;
				CLANG_WARN_OBJC_IMPLICIT_RETAIN_SELF = YES;
				CLANG_WARN_OBJC_LITERAL_CONVERSION = YES;
				CLANG_WARN_OBJC_ROOT_CLASS = YES_ERROR;
				CLANG_WARN_RANGE_LOOP_ANALYSIS = YES;
				CLANG_WARN_STRICT_PROTOTYPES = YES;
				CLANG_WARN_SUSPICIOUS_MOVE = YES;
				CLANG_WARN_UNGUARDED_AVAILABILITY = YES_AGGRESSIVE;
				CLANG_WARN_UNREACHABLE_CODE = YES;
				CLANG_WARN__DUPLICATE_METHOD_MATCH = YES;
				COPY_PHASE_STRIP = NO;
				DEBUG_INFORMATION_FORMAT = dwarf;
				ENABLE_STRICT_OBJC_MSGSEND = YES;
				ENABLE_TESTABILITY = YES;
				GCC_C_LANGUAGE_STANDARD = gnu11;
				GCC_DYNAMIC_NO_PIC = NO;
				GCC_NO_COMMON_BLOCKS = YES;
				GCC_OPTIMIZATION_LEVEL = 0;
				GCC_PREPROCESSOR_DEFINITIONS = (
					"DEBUG=1",
					"$(inherited)",
				);
				GCC_WARN_64_TO_32_BIT_CONVERSION = YES;
				GCC_WARN_ABOUT_RETURN_TYPE = YES_ERROR;
				GCC_WARN_UNDECLARED_SELECTOR = YES;
				GCC_WARN_UNINITIALIZED_AUTOS = YES_AGGRESSIVE;
				GCC_WARN_UNUSED_FUNCTION = YES;
				GCC_WARN_UNUSED_VARIABLE = YES;
				IPHONEOS_DEPLOYMENT_TARGET = 13.2;
				MTL_ENABLE_DEBUG_INFO = INCLUDE_SOURCE;
				MTL_FAST_MATH = YES;
				ONLY_ACTIVE_ARCH = YES;
				SDKROOT = iphoneos;
				SWIFT_ACTIVE_COMPILATION_CONDITIONS = DEBUG;
				SWIFT_OPTIMIZATION_LEVEL = "-Onone";
			};
			name = Debug;
		};
		5D9DCEB62507D523001D270D /* Release */ = {
			isa = XCBuildConfiguration;
			buildSettings = {
				ALWAYS_SEARCH_USER_PATHS = NO;
				CLANG_ANALYZER_NONNULL = YES;
				CLANG_ANALYZER_NUMBER_OBJECT_CONVERSION = YES_AGGRESSIVE;
				CLANG_CXX_LANGUAGE_STANDARD = "gnu++14";
				CLANG_CXX_LIBRARY = "libc++";
				CLANG_ENABLE_MODULES = YES;
				CLANG_ENABLE_OBJC_ARC = YES;
				CLANG_ENABLE_OBJC_WEAK = YES;
				CLANG_WARN_BLOCK_CAPTURE_AUTORELEASING = YES;
				CLANG_WARN_BOOL_CONVERSION = YES;
				CLANG_WARN_COMMA = YES;
				CLANG_WARN_CONSTANT_CONVERSION = YES;
				CLANG_WARN_DEPRECATED_OBJC_IMPLEMENTATIONS = YES;
				CLANG_WARN_DIRECT_OBJC_ISA_USAGE = YES_ERROR;
				CLANG_WARN_DOCUMENTATION_COMMENTS = YES;
				CLANG_WARN_EMPTY_BODY = YES;
				CLANG_WARN_ENUM_CONVERSION = YES;
				CLANG_WARN_INFINITE_RECURSION = YES;
				CLANG_WARN_INT_CONVERSION = YES;
				CLANG_WARN_NON_LITERAL_NULL_CONVERSION = YES;
				CLANG_WARN_OBJC_IMPLICIT_RETAIN_SELF = YES;
				CLANG_WARN_OBJC_LITERAL_CONVERSION = YES;
				CLANG_WARN_OBJC_ROOT_CLASS = YES_ERROR;
				CLANG_WARN_RANGE_LOOP_ANALYSIS = YES;
				CLANG_WARN_STRICT_PROTOTYPES = YES;
				CLANG_WARN_SUSPICIOUS_MOVE = YES;
				CLANG_WARN_UNGUARDED_AVAILABILITY = YES_AGGRESSIVE;
				CLANG_WARN_UNREACHABLE_CODE = YES;
				CLANG_WARN__DUPLICATE_METHOD_MATCH = YES;
				COPY_PHASE_STRIP = NO;
				DEBUG_INFORMATION_FORMAT = "dwarf-with-dsym";
				ENABLE_NS_ASSERTIONS = NO;
				ENABLE_STRICT_OBJC_MSGSEND = YES;
				GCC_C_LANGUAGE_STANDARD = gnu11;
				GCC_NO_COMMON_BLOCKS = YES;
				GCC_WARN_64_TO_32_BIT_CONVERSION = YES;
				GCC_WARN_ABOUT_RETURN_TYPE = YES_ERROR;
				GCC_WARN_UNDECLARED_SELECTOR = YES;
				GCC_WARN_UNINITIALIZED_AUTOS = YES_AGGRESSIVE;
				GCC_WARN_UNUSED_FUNCTION = YES;
				GCC_WARN_UNUSED_VARIABLE = YES;
				IPHONEOS_DEPLOYMENT_TARGET = 13.2;
				MTL_ENABLE_DEBUG_INFO = NO;
				MTL_FAST_MATH = YES;
				SDKROOT = iphoneos;
				SWIFT_COMPILATION_MODE = wholemodule;
				SWIFT_OPTIMIZATION_LEVEL = "-O";
				VALIDATE_PRODUCT = YES;
			};
			name = Release;
		};
		5D9DCEB82507D523001D270D /* Debug */ = {
			isa = XCBuildConfiguration;
			buildSettings = {
				ASSETCATALOG_COMPILER_APPICON_NAME = AppIcon;
				CODE_SIGN_STYLE = Automatic;
				DEVELOPMENT_ASSET_PATHS = "\"TestTube/Preview Content\"";
				ENABLE_PREVIEWS = YES;
				INFOPLIST_FILE = TestTube/Info.plist;
				LD_RUNPATH_SEARCH_PATHS = (
					"$(inherited)",
					"@executable_path/Frameworks",
				);
				PRODUCT_BUNDLE_IDENTIFIER = com.hyper.findmycar.TestTube;
				PRODUCT_NAME = "$(TARGET_NAME)";
				SWIFT_VERSION = 5.0;
				TARGETED_DEVICE_FAMILY = "1,2";
			};
			name = Debug;
		};
		5D9DCEB92507D523001D270D /* Release */ = {
			isa = XCBuildConfiguration;
			buildSettings = {
				ASSETCATALOG_COMPILER_APPICON_NAME = AppIcon;
				CODE_SIGN_STYLE = Automatic;
				DEVELOPMENT_ASSET_PATHS = "\"TestTube/Preview Content\"";
				ENABLE_PREVIEWS = YES;
				INFOPLIST_FILE = TestTube/Info.plist;
				LD_RUNPATH_SEARCH_PATHS = (
					"$(inherited)",
					"@executable_path/Frameworks",
				);
				PRODUCT_BUNDLE_IDENTIFIER = com.hyper.findmycar.TestTube;
				PRODUCT_NAME = "$(TARGET_NAME)";
				SWIFT_VERSION = 5.0;
				TARGETED_DEVICE_FAMILY = "1,2";
			};
			name = Release;
		};
/* End XCBuildConfiguration section */

/* Begin XCConfigurationList section */
		5D9DCE9E2507D523001D270D /* Build configuration list for PBXProject "TestTube" */ = {
			isa = XCConfigurationList;
			buildConfigurations = (
				5D9DCEB52507D523001D270D /* Debug */,
				5D9DCEB62507D523001D270D /* Release */,
			);
			defaultConfigurationIsVisible = 0;
			defaultConfigurationName = Release;
		};
		5D9DCEB72507D523001D270D /* Build configuration list for PBXNativeTarget "TestTube" */ = {
			isa = XCConfigurationList;
			buildConfigurations = (
				5D9DCEB82507D523001D270D /* Debug */,
				5D9DCEB92507D523001D270D /* Release */,
			);
			defaultConfigurationIsVisible = 0;
			defaultConfigurationName = Release;
		};
/* End XCConfigurationList section */
	};
	rootObject = 5D9DCE9B2507D523001D270D /* Project object */;
}
